
Microsoft Visual Studio Solution File, Format Version 12.00
# Visual Studio 15
Project("{FAE04EC0-301F-11D3-BF4B-00C04F79EFBC}") = "FoodOrderApp.Android", "FoodOrderApp.Android\FoodOrderApp.Android.csproj", "{B66945D9-74F5-418B-893B-A977D1734F7F}"
EndProject
Project("{FAE04EC0-301F-11D3-BF4B-00C04F79EFBC}") = "FoodOrderApp.iOS", "FoodOrderApp.iOS\FoodOrderApp.iOS.csproj", "{7AABA5D5-B443-44B5-9BE1-6153057E57B6}"
EndProject
Project("{FAE04EC0-301F-11D3-BF4B-00C04F79EFBC}") = "FoodOrderApp", "FoodOrderApp\FoodOrderApp.csproj", "{5464DC50-57E6-4BA9-9D5A-41F37397BA8C}"
EndProject
Global
	GlobalSection(SolutionConfigurationPlatforms) = preSolution
		Debug|Any CPU = Debug|Any CPU
		Release|Any CPU = Release|Any CPU
		Debug|iPhoneSimulator = Debug|iPhoneSimulator
		Release|iPhoneSimulator = Release|iPhoneSimulator
		Debug|iPhone = Debug|iPhone
		Release|iPhone = Release|iPhone
	EndGlobalSection
	GlobalSection(ProjectConfigurationPlatforms) = postSolution
		{B66945D9-74F5-418B-893B-A977D1734F7F}.Debug|Any CPU.ActiveCfg = Debug|Any CPU
		{B66945D9-74F5-418B-893B-A977D1734F7F}.Debug|Any CPU.Build.0 = Debug|Any CPU
		{B66945D9-74F5-418B-893B-A977D1734F7F}.Release|Any CPU.ActiveCfg = Release|Any CPU
		{B66945D9-74F5-418B-893B-A977D1734F7F}.Release|Any CPU.Build.0 = Release|Any CPU
		{B66945D9-74F5-418B-893B-A977D1734F7F}.Debug|iPhoneSimulator.ActiveCfg = Debug|Any CPU
		{B66945D9-74F5-418B-893B-A977D1734F7F}.Debug|iPhoneSimulator.Build.0 = Debug|Any CPU
		{B66945D9-74F5-418B-893B-A977D1734F7F}.Release|iPhoneSimulator.ActiveCfg = Release|Any CPU
		{B66945D9-74F5-418B-893B-A977D1734F7F}.Release|iPhoneSimulator.Build.0 = Release|Any CPU
		{B66945D9-74F5-418B-893B-A977D1734F7F}.Debug|iPhone.ActiveCfg = Debug|Any CPU
		{B66945D9-74F5-418B-893B-A977D1734F7F}.Debug|iPhone.Build.0 = Debug|Any CPU
		{B66945D9-74F5-418B-893B-A977D1734F7F}.Release|iPhone.ActiveCfg = Release|Any CPU
		{B66945D9-74F5-418B-893B-A977D1734F7F}.Release|iPhone.Build.0 = Release|Any CPU
		{7AABA5D5-B443-44B5-9BE1-6153057E57B6}.Debug|Any CPU.ActiveCfg = Debug|iPhoneSimulator
		{7AABA5D5-B443-44B5-9BE1-6153057E57B6}.Debug|Any CPU.Build.0 = Debug|iPhoneSimulator
		{7AABA5D5-B443-44B5-9BE1-6153057E57B6}.Release|Any CPU.ActiveCfg = Release|iPhoneSimulator
		{7AABA5D5-B443-44B5-9BE1-6153057E57B6}.Release|Any CPU.Build.0 = Release|iPhoneSimulator
		{7AABA5D5-B443-44B5-9BE1-6153057E57B6}.Debug|iPhoneSimulator.ActiveCfg = Debug|iPhoneSimulator
		{7AABA5D5-B443-44B5-9BE1-6153057E57B6}.Debug|iPhoneSimulator.Build.0 = Debug|iPhoneSimulator
		{7AABA5D5-B443-44B5-9BE1-6153057E57B6}.Release|iPhoneSimulator.ActiveCfg = Release|iPhoneSimulator
		{7AABA5D5-B443-44B5-9BE1-6153057E57B6}.Release|iPhoneSimulator.Build.0 = Release|iPhoneSimulator
		{7AABA5D5-B443-44B5-9BE1-6153057E57B6}.Debug|iPhone.ActiveCfg = Debug|iPhone
		{7AABA5D5-B443-44B5-9BE1-6153057E57B6}.Debug|iPhone.Build.0 = Debug|iPhone
		{7AABA5D5-B443-44B5-9BE1-6153057E57B6}.Release|iPhone.ActiveCfg = Release|iPhone
		{7AABA5D5-B443-44B5-9BE1-6153057E57B6}.Release|iPhone.Build.0 = Release|iPhone
		{5464DC50-57E6-4BA9-9D5A-41F37397BA8C}.Debug|Any CPU.ActiveCfg = Debug|Any CPU
		{5464DC50-57E6-4BA9-9D5A-41F37397BA8C}.Debug|Any CPU.Build.0 = Debug|Any CPU
		{5464DC50-57E6-4BA9-9D5A-41F37397BA8C}.Release|Any CPU.ActiveCfg = Release|Any CPU
		{5464DC50-57E6-4BA9-9D5A-41F37397BA8C}.Release|Any CPU.Build.0 = Release|Any CPU
		{5464DC50-57E6-4BA9-9D5A-41F37397BA8C}.Debug|iPhoneSimulator.ActiveCfg = Debug|Any CPU
		{5464DC50-57E6-4BA9-9D5A-41F37397BA8C}.Debug|iPhoneSimulator.Build.0 = Debug|Any CPU
		{5464DC50-57E6-4BA9-9D5A-41F37397BA8C}.Release|iPhoneSimulator.ActiveCfg = Release|Any CPU
		{5464DC50-57E6-4BA9-9D5A-41F37397BA8C}.Release|iPhoneSimulator.Build.0 = Release|Any CPU
		{5464DC50-57E6-4BA9-9D5A-41F37397BA8C}.Debug|iPhone.ActiveCfg = Debug|Any CPU
		{5464DC50-57E6-4BA9-9D5A-41F37397BA8C}.Debug|iPhone.Build.0 = Debug|Any CPU
		{5464DC50-57E6-4BA9-9D5A-41F37397BA8C}.Release|iPhone.ActiveCfg = Release|Any CPU
		{5464DC50-57E6-4BA9-9D5A-41F37397BA8C}.Release|iPhone.Build.0 = Release|Any CPU
	EndGlobalSection
EndGlobal
